version: v2
locks:
  dependencies/us-equity-monitor.package.json: e8aa9484adb7f5d7a83d1422e72b743647f3479f7eda3c3d5d4a022b35952468
  f/lib/b2: 4be46312a18efa60c0ce231c21f301ce179ac945780314f5e79632ea3f7d0773
  f/lib/blob: 4cf8475f58d1ffc6e9bb0d230ead23c76211b6bf7c09922448677bf3093728a6
  f/lib/codex: 1a6b200e3e49a6db0844489a342c8a597498732f18228e1ac40b128c0227ab51
  f/lib/finnhub: 5b79d0c77ab650adbd1cb2b20bf70c6bdfe7fe7da96726cde36d18f47dcd404d
  f/lib/secrets: 76a55ba9030559746f127f1352df957e7c0823cdd47e27ae8c448b93087b6d3b
  f/us-equity-monitor/analyze: 7934282f5f535baac2c2136703e03ced1341982c830af0f9e55c20826a9702b0
  f/us-equity-monitor/auth: 43326d6cbedf7e338cf169224fc4bdcd91a6778409bc05cf6c96038c234edf08
  f/us-equity-monitor/history: e33a65ba22e66c24d27d60d951e6ba8d0b5dba08faefefeb58283da3939ac77c
  f/us-equity-monitor/monitor.flow+__flow_hash: 44136fa355b3678a1146ad16f7e8649e94fb4fc21fe77e8310c060f61caaff8a
  f/us-equity-monitor/prompt: 89450c88d6920657688f7d0c03a7921197edfb105de83dc87313339db10396db
  f/us-equity-monitor/secrets: 9d339fa692e1f1aebed03134884827331060b3436fb33db5716a47a043940bd7
  f/us-equity-monitor/telegram: 2cae8fd63aa97471a8b86b895b3e2e1a7cf97be6daf70411eeecb883ffade9ff
  f/us-equity-monitor/tools: 01d04c04bf8a486025bbe95ec5fda1ad4146fa2f20559358b8960e017735a94d
