version: v2
locks:
  dependencies/us-equity-monitor.package.json: e8aa9484adb7f5d7a83d1422e72b743647f3479f7eda3c3d5d4a022b35952468
  f/lib/b2: 4be46312a18efa60c0ce231c21f301ce179ac945780314f5e79632ea3f7d0773
  f/lib/blob: 4cf8475f58d1ffc6e9bb0d230ead23c76211b6bf7c09922448677bf3093728a6
  f/lib/codex: 1a6b200e3e49a6db0844489a342c8a597498732f18228e1ac40b128c0227ab51
  f/lib/finnhub: 5b79d0c77ab650adbd1cb2b20bf70c6bdfe7fe7da96726cde36d18f47dcd404d
  f/lib/secrets: 76a55ba9030559746f127f1352df957e7c0823cdd47e27ae8c448b93087b6d3b
  f/us-equity-monitor/analyze: 8ac906983b8229b7af734dab2f814f4bf18bedf738173bb26cec99ec9d501a0d
  f/us-equity-monitor/auth: 43326d6cbedf7e338cf169224fc4bdcd91a6778409bc05cf6c96038c234edf08
  f/us-equity-monitor/monitor.flow+__flow_hash: 44136fa355b3678a1146ad16f7e8649e94fb4fc21fe77e8310c060f61caaff8a
  f/us-equity-monitor/prompt: a17949a2d64563d75cbfcb2ccc57fce8ea8776c5a7d14342608dff6ee5a34479
  f/us-equity-monitor/secrets: 9d339fa692e1f1aebed03134884827331060b3436fb33db5716a47a043940bd7
  f/us-equity-monitor/telegram: 79526e4b15aa0ccaaeb156de494440db8e5b44596779bd366eeec62756445a48
  f/us-equity-monitor/tools: 3e147a2132a3bcb1ecb6a3b39a50908249d9419cf0c61c526a95c2c52a538cec
